
Microsoft Visual Studio Solution File, Format Version 12.00
# Visual Studio Version 16
VisualStudioVersion = 16.0.29613.14
MinimumVisualStudioVersion = 10.0.40219.1
Project("{9A19103F-16F7-4668-BE54-9A1E7A4F7556}") = "algorithmStudy", "Algorithmic-Study\algorithmStudy.csproj", "{B7E2813B-C630-4B9E-8A96-4917F8F0994E}"
EndProject
Project("{9A19103F-16F7-4668-BE54-9A1E7A4F7556}") = "algorithmTest", "Algorithmic-Test\algorithmTest.csproj", "{59EAE455-8222-465B-8348-A17DD4769958}"
EndProject
Global
	GlobalSection(SolutionConfigurationPlatforms) = preSolution
		Debug|Any CPU = Debug|Any CPU
		Release|Any CPU = Release|Any CPU
	EndGlobalSection
	GlobalSection(ProjectConfigurationPlatforms) = postSolution
		{B7E2813B-C630-4B9E-8A96-4917F8F0994E}.Debug|Any CPU.ActiveCfg = Debug|Any CPU
		{B7E2813B-C630-4B9E-8A96-4917F8F0994E}.Debug|Any CPU.Build.0 = Debug|Any CPU
		{B7E2813B-C630-4B9E-8A96-4917F8F0994E}.Release|Any CPU.ActiveCfg = Release|Any CPU
		{B7E2813B-C630-4B9E-8A96-4917F8F0994E}.Release|Any CPU.Build.0 = Release|Any CPU
		{59EAE455-8222-465B-8348-A17DD4769958}.Debug|Any CPU.ActiveCfg = Debug|Any CPU
		{59EAE455-8222-465B-8348-A17DD4769958}.Debug|Any CPU.Build.0 = Debug|Any CPU
		{59EAE455-8222-465B-8348-A17DD4769958}.Release|Any CPU.ActiveCfg = Release|Any CPU
		{59EAE455-8222-465B-8348-A17DD4769958}.Release|Any CPU.Build.0 = Release|Any CPU
	EndGlobalSection
	GlobalSection(SolutionProperties) = preSolution
		HideSolutionNode = FALSE
	EndGlobalSection
	GlobalSection(ExtensibilityGlobals) = postSolution
		SolutionGuid = {AF2A5450-6B61-4F0F-A662-17D8FF22DB1F}
	EndGlobalSection
EndGlobal
